{
  "name": "@agen/pool",
  "version": "0.5.2",
  "lockfileVersion": 1,
  "requires": true,
  "dependencies": {
    "@agen/observable": {
      "version": "0.3.1",
      "requires": {
        "@agen/ns": "^0.3.1"
      },
      "dependencies": {
        "@agen/ns": {
          "version": "0.3.1",
          "bundled": true
        },
        "zen-observable": {
          "version": "0.8.15",
          "bundled": true
        }
      }
    },
    "zen-observable": {
      "version": "0.8.15",
      "resolved": "https://registry.npmjs.org/zen-observable/-/zen-observable-0.8.15.tgz",
      "integrity": "sha512-PQ2PC7R9rslx84ndNBZB/Dkv8V8fZEpk83RLgXtYd0fwUgEjseMn1Dgajh2x6S8QbZAFa9p2qVCEuYZNgve0dQ=="
    }
  }
}
